// !$*UTF8*$!
{
	archiveVersion = 1;
	classes = {
	};
	objectVersion = 46;
	objects = {

/* Begin PBXBuildFile section */
		6FFE5F451B19FB0700F9F2CE /* main.m in Sources */ = {isa = PBXBuildFile; fileRef = 6FFE5F441B19FB0700F9F2CE /* main.m */; };
		6FFE5F481B19FB0700F9F2CE /* AppDelegate.m in Sources */ = {isa = PBXBuildFile; fileRef = 6FFE5F471B19FB0700F9F2CE /* AppDelegate.m */; };
		6FFE5F4A1B19FB0700F9F2CE /* Images.xcassets in Resources */ = {isa = PBXBuildFile; fileRef = 6FFE5F491B19FB0700F9F2CE /* Images.xcassets */; };
		6FFE5F4D1B19FB0700F9F2CE /* LaunchScreen.xib in Resources */ = {isa = PBXBuildFile; fileRef = 6FFE5F4B1B19FB0700F9F2CE /* LaunchScreen.xib */; };
		6FFE5F591B19FB0800F9F2CE /* PKTProjectTests.m in Sources */ = {isa = PBXBuildFile; fileRef = 6FFE5F581B19FB0800F9F2CE /* PKTProjectTests.m */; };
/* End PBXBuildFile section */

/* Begin PBXContainerItemProxy section */
		6FFE5F531B19FB0800F9F2CE /* PBXContainerItemProxy */ = {
			isa = PBXContainerItemProxy;
			containerPortal = 6FFE5F371B19FB0700F9F2CE /* Project object */;
			proxyType = 1;
			remoteGlobalIDString = 6FFE5F3E1B19FB0700F9F2CE;
			remoteInfo = PKTProject;
		};
/* End PBXContainerItemProxy section */

/* Begin PBXFileReference section */
		6FFE5F3F1B19FB0700F9F2CE /* PKTProject.app */ = {isa = PBXFileReference; explicitFileType = wrapper.application; includeInIndex = 0; path = PKTProject.app; sourceTree = BUILT_PRODUCTS_DIR; };
		6FFE5F431B19FB0700F9F2CE /* Info.plist */ = {isa = PBXFileReference; lastKnownFileType = text.plist.xml; path = Info.plist; sourceTree = "<group>"; };
		6FFE5F441B19FB0700F9F2CE /* main.m */ = {isa = PBXFileReference; lastKnownFileType = sourcecode.c.objc; path = main.m; sourceTree = "<group>"; };
		6FFE5F461B19FB0700F9F2CE /* AppDelegate.h */ = {isa = PBXFileReference; lastKnownFileType = sourcecode.c.h; path = AppDelegate.h; sourceTree = "<group>"; };
		6FFE5F471B19FB0700F9F2CE /* AppDelegate.m */ = {isa = PBXFileReference; lastKnownFileType = sourcecode.c.objc; path = AppDelegate.m; sourceTree = "<group>"; };
		6FFE5F491B19FB0700F9F2CE /* Images.xcassets */ = {isa = PBXFileReference; lastKnownFileType = folder.assetcatalog; path = Images.xcassets; sourceTree = "<group>"; };
		6FFE5F4C1B19FB0700F9F2CE /* Base */ = {isa = PBXFileReference; lastKnownFileType = file.xib; name = Base; path = Base.lproj/LaunchScreen.xib; sourceTree = "<group>"; };
		6FFE5F521B19FB0800F9F2CE /* PKTProjectTests.xctest */ = {isa = PBXFileReference; explicitFileType = wrapper.cfbundle; includeInIndex = 0; path = PKTProjectTests.xctest; sourceTree = BUILT_PRODUCTS_DIR; };
		6FFE5F571B19FB0800F9F2CE /* Info.plist */ = {isa = PBXFileReference; lastKnownFileType = text.plist.xml; path = Info.plist; sourceTree = "<group>"; };
		6FFE5F581B19FB0800F9F2CE /* PKTProjectTests.m */ = {isa = PBXFileReference; lastKnownFileType = sourcecode.c.objc; path = PKTProjectTests.m; sourceTree = "<group>"; };
/* End PBXFileReference section */

/* Begin PBXFrameworksBuildPhase section */
		6FFE5F3C1B19FB0700F9F2CE /* Frameworks */ = {
			isa = PBXFrameworksBuildPhase;
			buildActionMask = 2147483647;
			files = (
			);
			runOnlyForDeploymentPostprocessing = 0;
		};
		6FFE5F4F1B19FB0800F9F2CE /* Frameworks */ = {
			isa = PBXFrameworksBuildPhase;
			buildActionMask = 2147483647;
			files = (
			);
			runOnlyForDeploymentPostprocessing = 0;
		};
/* End PBXFrameworksBuildPhase section */

/* Begin PBXGroup section */
		6FFE5F361B19FB0700F9F2CE = {
			isa = PBXGroup;
			children = (
				6FFE5F411B19FB0700F9F2CE /* PKTProject */,
				6FFE5F551B19FB0800F9F2CE /* PKTProjectTests */,
				6FFE5F401B19FB0700F9F2CE /* Products */,
			);
			sourceTree = "<group>";
		};
		6FFE5F401B19FB0700F9F2CE /* Products */ = {
			isa = PBXGroup;
			children = (
				6FFE5F3F1B19FB0700F9F2CE /* PKTProject.app */,
				6FFE5F521B19FB0800F9F2CE /* PKTProjectTests.xctest */,
			);
			name = Products;
			sourceTree = "<group>";
		};
		6FFE5F411B19FB0700F9F2CE /* PKTProject */ = {
			isa = PBXGroup;
			children = (
				6FFE5F461B19FB0700F9F2CE /* AppDelegate.h */,
				6FFE5F471B19FB0700F9F2CE /* AppDelegate.m */,
				6FFE5F491B19FB0700F9F2CE /* Images.xcassets */,
				6FFE5F4B1B19FB0700F9F2CE /* LaunchScreen.xib */,
				6FFE5F421B19FB0700F9F2CE /* Supporting Files */,
			);
			path = PKTProject;
			sourceTree = "<group>";
		};
		6FFE5F421B19FB0700F9F2CE /* Supporting Files */ = {
			isa = PBXGroup;
			children = (
				6FFE5F431B19FB0700F9F2CE /* Info.plist */,
				6FFE5F441B19FB0700F9F2CE /* main.m */,
			);
			name = "Supporting Files";
			sourceTree = "<group>";
		};
		6FFE5F551B19FB0800F9F2CE /* PKTProjectTests */ = {
			isa = PBXGroup;
			children = (
				6FFE5F581B19FB0800F9F2CE /* PKTProjectTests.m */,
				6FFE5F561B19FB0800F9F2CE /* Supporting Files */,
			);
			path = PKTProjectTests;
			sourceTree = "<group>";
		};
		6FFE5F561B19FB0800F9F2CE /* Supporting Files */ = {
			isa = PBXGroup;
			children = (
				6FFE5F571B19FB0800F9F2CE /* Info.plist */,
			);
			name = "Supporting Files";
			sourceTree = "<group>";
		};
/* End PBXGroup section */

/* Begin PBXNativeTarget section */
		6FFE5F3E1B19FB0700F9F2CE /* PKTProject */ = {
			isa = PBXNativeTarget;
			buildConfigurationList = 6FFE5F5C1B19FB0800F9F2CE /* Build configuration list for PBXNativeTarget "PKTProject" */;
			buildPhases = (
				6FFE5F3B1B19FB0700F9F2CE /* Sources */,
				6FFE5F3C1B19FB0700F9F2CE /* Frameworks */,
				6FFE5F3D1B19FB0700F9F2CE /* Resources */,
			);
			buildRules = (
			);
			dependencies = (
			);
			name = PKTProject;
			productName = PKTProject;
			productReference = 6FFE5F3F1B19FB0700F9F2CE /* PKTProject.app */;
			productType = "com.apple.product-type.application";
		};
		6FFE5F511B19FB0800F9F2CE /* PKTProjectTests */ = {
			isa = PBXNativeTarget;
			buildConfigurationList = 6FFE5F5F1B19FB0800F9F2CE /* Build configuration list for PBXNativeTarget "PKTProjectTests" */;
			buildPhases = (
				6FFE5F4E1B19FB0800F9F2CE /* Sources */,
				6FFE5F4F1B19FB0800F9F2CE /* Frameworks */,
				6FFE5F501B19FB0800F9F2CE /* Resources */,
			);
			buildRules = (
			);
			dependencies = (
				6FFE5F541B19FB0800F9F2CE /* PBXTargetDependency */,
			);
			name = PKTProjectTests;
			productName = PKTProjectTests;
			productReference = 6FFE5F521B19FB0800F9F2CE /* PKTProjectTests.xctest */;
			productType = "com.apple.product-type.bundle.unit-test";
		};
/* End PBXNativeTarget section */

/* Begin PBXProject section */
		6FFE5F371B19FB0700F9F2CE /* Project object */ = {
			isa = PBXProject;
			attributes = {
				LastUpgradeCheck = 0630;
				ORGANIZATIONNAME = young;
				TargetAttributes = {
					6FFE5F3E1B19FB0700F9F2CE = {
						CreatedOnToolsVersion = 6.3.2;
					};
					6FFE5F511B19FB0800F9F2CE = {
						CreatedOnToolsVersion = 6.3.2;
						TestTargetID = 6FFE5F3E1B19FB0700F9F2CE;
					};
				};
			};
			buildConfigurationList = 6FFE5F3A1B19FB0700F9F2CE /* Build configuration list for PBXProject "PKTProject" */;
			compatibilityVersion = "Xcode 3.2";
			developmentRegion = English;
			hasScannedForEncodings = 0;
			knownRegions = (
				en,
				Base,
			);
			mainGroup = 6FFE5F361B19FB0700F9F2CE;
			productRefGroup = 6FFE5F401B19FB0700F9F2CE /* Products */;
			projectDirPath = "";
			projectRoot = "";
			targets = (
				6FFE5F3E1B19FB0700F9F2CE /* PKTProject */,
				6FFE5F511B19FB0800F9F2CE /* PKTProjectTests */,
			);
		};
/* End PBXProject section */

/* Begin PBXResourcesBuildPhase section */
		6FFE5F3D1B19FB0700F9F2CE /* Resources */ = {
			isa = PBXResourcesBuildPhase;
			buildActionMask = 2147483647;
			files = (
				6FFE5F4D1B19FB0700F9F2CE /* LaunchScreen.xib in Resources */,
				6FFE5F4A1B19FB0700F9F2CE /* Images.xcassets in Resources */,
			);
			runOnlyForDeploymentPostprocessing = 0;
		};
		6FFE5F501B19FB0800F9F2CE /* Resources */ = {
			isa = PBXResourcesBuildPhase;
			buildActionMask = 2147483647;
			files = (
			);
			runOnlyForDeploymentPostprocessing = 0;
		};
/* End PBXResourcesBuildPhase section */

/* Begin PBXSourcesBuildPhase section */
		6FFE5F3B1B19FB0700F9F2CE /* Sources */ = {
			isa = PBXSourcesBuildPhase;
			buildActionMask = 2147483647;
			files = (
				6FFE5F481B19FB0700F9F2CE /* AppDelegate.m in Sources */,
				6FFE5F451B19FB0700F9F2CE /* main.m in Sources */,
			);
			runOnlyForDeploymentPostprocessing = 0;
		};
		6FFE5F4E1B19FB0800F9F2CE /* Sources */ = {
			isa = PBXSourcesBuildPhase;
			buildActionMask = 2147483647;
			files = (
				6FFE5F591B19FB0800F9F2CE /* PKTProjectTests.m in Sources */,
			);
			runOnlyForDeploymentPostprocessing = 0;
		};
/* End PBXSourcesBuildPhase section */

/* Begin PBXTargetDependency section */
		6FFE5F541B19FB0800F9F2CE /* PBXTargetDependency */ = {
			isa = PBXTargetDependency;
			target = 6FFE5F3E1B19FB0700F9F2CE /* PKTProject */;
			targetProxy = 6FFE5F531B19FB0800F9F2CE /* PBXContainerItemProxy */;
		};
/* End PBXTargetDependency section */

/* Begin PBXVariantGroup section */
		6FFE5F4B1B19FB0700F9F2CE /* LaunchScreen.xib */ = {
			isa = PBXVariantGroup;
			children = (
				6FFE5F4C1B19FB0700F9F2CE /* Base */,
			);
			name = LaunchScreen.xib;
			sourceTree = "<group>";
		};
/* End PBXVariantGroup section */

/* Begin XCBuildConfiguration section */
		6FFE5F5A1B19FB0800F9F2CE /* Debug */ = {
			isa = XCBuildConfiguration;
			buildSettings = {
				ALWAYS_SEARCH_USER_PATHS = NO;
				CLANG_CXX_LANGUAGE_STANDARD = "gnu++0x";
				CLANG_CXX_LIBRARY = "libc++";
				CLANG_ENABLE_MODULES = YES;
				CLANG_ENABLE_OBJC_ARC = YES;
				CLANG_WARN_BOOL_CONVERSION = YES;
				CLANG_WARN_CONSTANT_CONVERSION = YES;
				CLANG_WARN_DIRECT_OBJC_ISA_USAGE = YES_ERROR;
				CLANG_WARN_EMPTY_BODY = YES;
				CLANG_WARN_ENUM_CONVERSION = YES;
				CLANG_WARN_INT_CONVERSION = YES;
				CLANG_WARN_OBJC_ROOT_CLASS = YES_ERROR;
				CLANG_WARN_UNREACHABLE_CODE = YES;
				CLANG_WARN__DUPLICATE_METHOD_MATCH = YES;
				"CODE_SIGN_IDENTITY[sdk=iphoneos*]" = "iPhone Developer";
				COPY_PHASE_STRIP = NO;
				DEBUG_INFORMATION_FORMAT = "dwarf-with-dsym";
				ENABLE_STRICT_OBJC_MSGSEND = YES;
				GCC_C_LANGUAGE_STANDARD = gnu99;
				GCC_DYNAMIC_NO_PIC = NO;
				GCC_NO_COMMON_BLOCKS = YES;
				GCC_OPTIMIZATION_LEVEL = 0;
				GCC_PREPROCESSOR_DEFINITIONS = (
					"DEBUG=1",
					"$(inherited)",
				);
				GCC_SYMBOLS_PRIVATE_EXTERN = NO;
				GCC_WARN_64_TO_32_BIT_CONVERSION = YES;
				GCC_WARN_ABOUT_RETURN_TYPE = YES_ERROR;
				GCC_WARN_UNDECLARED_SELECTOR = YES;
				GCC_WARN_UNINITIALIZED_AUTOS = YES_AGGRESSIVE;
				GCC_WARN_UNUSED_FUNCTION = YES;
				GCC_WARN_UNUSED_VARIABLE = YES;
				IPHONEOS_DEPLOYMENT_TARGET = 8.3;
				MTL_ENABLE_DEBUG_INFO = YES;
				ONLY_ACTIVE_ARCH = YES;
				SDKROOT = iphoneos;
			};
			name = Debug;
		};
		6FFE5F5B1B19FB0800F9F2CE /* Release */ = {
			isa = XCBuildConfiguration;
			buildSettings = {
				ALWAYS_SEARCH_USER_PATHS = NO;
				CLANG_CXX_LANGUAGE_STANDARD = "gnu++0x";
				CLANG_CXX_LIBRARY = "libc++";
				CLANG_ENABLE_MODULES = YES;
				CLANG_ENABLE_OBJC_ARC = YES;
				CLANG_WARN_BOOL_CONVERSION = YES;
				CLANG_WARN_CONSTANT_CONVERSION = YES;
				CLANG_WARN_DIRECT_OBJC_ISA_USAGE = YES_ERROR;
				CLANG_WARN_EMPTY_BODY = YES;
				CLANG_WARN_ENUM_CONVERSION = YES;
				CLANG_WARN_INT_CONVERSION = YES;
				CLANG_WARN_OBJC_ROOT_CLASS = YES_ERROR;
				CLANG_WARN_UNREACHABLE_CODE = YES;
				CLANG_WARN__DUPLICATE_METHOD_MATCH = YES;
				"CODE_SIGN_IDENTITY[sdk=iphoneos*]" = "iPhone Developer";
				COPY_PHASE_STRIP = NO;
				DEBUG_INFORMATION_FORMAT = "dwarf-with-dsym";
				ENABLE_NS_ASSERTIONS = NO;
				ENABLE_STRICT_OBJC_MSGSEND = YES;
				GCC_C_LANGUAGE_STANDARD = gnu99;
				GCC_NO_COMMON_BLOCKS = YES;
				GCC_WARN_64_TO_32_BIT_CONVERSION = YES;
				GCC_WARN_ABOUT_RETURN_TYPE = YES_ERROR;
				GCC_WARN_UNDECLARED_SELECTOR = YES;
				GCC_WARN_UNINITIALIZED_AUTOS = YES_AGGRESSIVE;
				GCC_WARN_UNUSED_FUNCTION = YES;
				GCC_WARN_UNUSED_VARIABLE = YES;
				IPHONEOS_DEPLOYMENT_TARGET = 8.3;
				MTL_ENABLE_DEBUG_INFO = NO;
				SDKROOT = iphoneos;
				VALIDATE_PRODUCT = YES;
			};
			name = Release;
		};
		6FFE5F5D1B19FB0800F9F2CE /* Debug */ = {
			isa = XCBuildConfiguration;
			buildSettings = {
				ASSETCATALOG_COMPILER_APPICON_NAME = AppIcon;
				INFOPLIST_FILE = PKTProject/Info.plist;
				LD_RUNPATH_SEARCH_PATHS = "$(inherited) @executable_path/Frameworks";
				PRODUCT_NAME = "$(TARGET_NAME)";
			};
			name = Debug;
		};
		6FFE5F5E1B19FB0800F9F2CE /* Release */ = {
			isa = XCBuildConfiguration;
			buildSettings = {
				ASSETCATALOG_COMPILER_APPICON_NAME = AppIcon;
				INFOPLIST_FILE = PKTProject/Info.plist;
				LD_RUNPATH_SEARCH_PATHS = "$(inherited) @executable_path/Frameworks";
				PRODUCT_NAME = "$(TARGET_NAME)";
			};
			name = Release;
		};
		6FFE5F601B19FB0800F9F2CE /* Debug */ = {
			isa = XCBuildConfiguration;
			buildSettings = {
				BUNDLE_LOADER = "$(TEST_HOST)";
				FRAMEWORK_SEARCH_PATHS = (
					"$(SDKROOT)/Developer/Library/Frameworks",
					"$(inherited)",
				);
				GCC_PREPROCESSOR_DEFINITIONS = (
					"DEBUG=1",
					"$(inherited)",
				);
				INFOPLIST_FILE = PKTProjectTests/Info.plist;
				LD_RUNPATH_SEARCH_PATHS = "$(inherited) @executable_path/Frameworks @loader_path/Frameworks";
				PRODUCT_NAME = "$(TARGET_NAME)";
				TEST_HOST = "$(BUILT_PRODUCTS_DIR)/PKTProject.app/PKTProject";
			};
			name = Debug;
		};
		6FFE5F611B19FB0800F9F2CE /* Release */ = {
			isa = XCBuildConfiguration;
			buildSettings = {
				BUNDLE_LOADER = "$(TEST_HOST)";
				FRAMEWORK_SEARCH_PATHS = (
					"$(SDKROOT)/Developer/Library/Frameworks",
					"$(inherited)",
				);
				INFOPLIST_FILE = PKTProjectTests/Info.plist;
				LD_RUNPATH_SEARCH_PATHS = "$(inherited) @executable_path/Frameworks @loader_path/Frameworks";
				PRODUCT_NAME = "$(TARGET_NAME)";
				TEST_HOST = "$(BUILT_PRODUCTS_DIR)/PKTProject.app/PKTProject";
			};
			name = Release;
		};
/* End XCBuildConfiguration section */

/* Begin XCConfigurationList section */
		6FFE5F3A1B19FB0700F9F2CE /* Build configuration list for PBXProject "PKTProject" */ = {
			isa = XCConfigurationList;
			buildConfigurations = (
				6FFE5F5A1B19FB0800F9F2CE /* Debug */,
				6FFE5F5B1B19FB0800F9F2CE /* Release */,
			);
			defaultConfigurationIsVisible = 0;
			defaultConfigurationName = Release;
		};
		6FFE5F5C1B19FB0800F9F2CE /* Build configuration list for PBXNativeTarget "PKTProject" */ = {
			isa = XCConfigurationList;
			buildConfigurations = (
				6FFE5F5D1B19FB0800F9F2CE /* Debug */,
				6FFE5F5E1B19FB0800F9F2CE /* Release */,
			);
			defaultConfigurationIsVisible = 0;
		};
		6FFE5F5F1B19FB0800F9F2CE /* Build configuration list for PBXNativeTarget "PKTProjectTests" */ = {
			isa = XCConfigurationList;
			buildConfigurations = (
				6FFE5F601B19FB0800F9F2CE /* Debug */,
				6FFE5F611B19FB0800F9F2CE /* Release */,
			);
			defaultConfigurationIsVisible = 0;
		};
/* End XCConfigurationList section */
	};
	rootObject = 6FFE5F371B19FB0700F9F2CE /* Project object */;
}
